{
  "version": 2,
  "dependencies": {
    "net10.0": {
      "hpd.payments.connectors.stripe": {
        "type": "Project",
        "dependencies": {
          "HPD.Payments.Contracts": "[0.1.0, )",
          "HPD.Payments.Primitives": "[0.1.0, )",
          "HPD.Payments.Runtime": "[0.1.0, )",
          "HPD.Payments.Supporting": "[0.1.0, )"
        }
      },
      "hpd.payments.contracts": {
        "type": "Project",
        "dependencies": {
          "HPD.Payments.Primitives": "[0.1.0, )"
        }
      },
      "hpd.payments.persistence": {
        "type": "Project",
        "dependencies": {
          "HPD.Payments.Contracts": "[0.1.0, )",
          "HPD.Payments.Primitives": "[0.1.0, )",
          "HPD.Payments.Supporting": "[0.1.0, )"
        }
      },
      "hpd.payments.primitives": {
        "type": "Project"
      },
      "hpd.payments.runtime": {
        "type": "Project",
        "dependencies": {
          "HPD.Payments.Contracts": "[0.1.0, )",
          "HPD.Payments.Persistence": "[0.1.0, )",
          "HPD.Payments.Primitives": "[0.1.0, )",
          "HPD.Payments.Supporting": "[0.1.0, )"
        }
      },
      "hpd.payments.supporting": {
        "type": "Project",
        "dependencies": {
          "HPD.Payments.Contracts": "[0.1.0, )",
          "HPD.Payments.Primitives": "[0.1.0, )"
        }
      }
    }
  }
}