
<Solution>
  <Configurations>
    <Platform Name="Any CPU" />
    <Platform Name="x64" />
    <Platform Name="x86" />
  </Configurations>
  <Folder Name="/HPD-Core/">
    <Project Path="../HPD-Graph.Framework/src/HPD-Graph.Abstractions/HPD-Graph.Abstractions.csproj" />
    <Project Path="../HPD-Graph.Framework/src/HPD-Graph.Connectors/HPD-Graph.Connectors.Abstractions/HPD-Graph.Connectors.Abstractions.csproj" />
    <Project Path="../HPD-Graph.Framework/src/HPD-Graph.Connectors/HPD-Graph.Connectors.AspNetCore/HPD-Graph.Connectors.AspNetCore.csproj" />
    <Project Path="../HPD-Graph.Framework/src/HPD-Graph.Connectors/HPD-Graph.Connectors.Core/HPD-Graph.Connectors.Core.csproj" />
    <Project Path="../HPD-Graph.Framework/src/HPD-Graph.Connectors/HPD-Graph.Connectors.OpenApi/HPD-Graph.Connectors.OpenApi.csproj" />
    <Project Path="../HPD-Graph.Framework/src/HPD-Graph.Connectors/HPD-Graph.Connectors.SourceGenerator/HPD-Graph.Connectors.SourceGenerator.csproj" />
    <Project Path="../HPD-Graph.Framework/src/HPD-Graph.Core/HPD-Graph.Core.csproj" />
    <Project Path="../HPD-Graph.Framework/src/HPD-Graph.SourceGenerator/HPD-Graph.SourceGenerator.csproj" />
    <Project Path="src/HPD-Events/HPD-Events.csproj" />
    <Project Path="src/HPD-VCS/HPD-VCS.csproj" />
    <Project Path="src/HPD-OpenApi.Core/HPD-OpenApi.Core.csproj" />
  </Folder>
  <Folder Name="/Tests/" />
  <Folder Name="/Benchmarks/" />
  <Folder Name="/Tests/HPDCoreTests/">
    <Project Path="../HPD-Graph.Framework/test/HPD-Graph.Tests/HPD-Graph.Tests.csproj" />
    <Project Path="test/HPD-Events.Tests/HPD-Events.Tests.csproj" />
    <Project Path="test/HPD-VCS.Tests/HPD-VCS.Tests.csproj" />
  </Folder>
  <Folder Name="/Tests/Integration/">
    <Project Path="test/HPD.Agent.SerializationTests/HPD.Agent.SerializationTests.csproj" />
  </Folder>
</Solution>
