{
  "version": 2,
  "dependencies": {
    "net10.0": {
      "Microsoft.DotNet.ILCompiler": {
        "type": "Direct",
        "requested": "[10.0.9, )",
        "resolved": "10.0.9",
        "contentHash": "4y+VsQOcs4EiTSINdCpCWi/aLRbIbGTxSezQXd8uGVhzbDRm1FNVTZDyCUQixE0+g9UFusvfxVcF68YYz7RzxA=="
      },
      "Microsoft.NET.ILLink.Tasks": {
        "type": "Direct",
        "requested": "[10.0.9, )",
        "resolved": "10.0.9",
        "contentHash": "4Iw41e2h7I4t70SJcX2GCmbyKJIlA273Cfm9RJMM050/3VBejGAG1KcthP5Z2L6SQcbfbf6BhNWO26+ZG+GzMg=="
      },
      "BouncyCastle.Cryptography": {
        "type": "Transitive",
        "resolved": "2.6.2",
        "contentHash": "7oWOcvnntmMKNzDLsdxAYqApt+AjpRpP2CShjMfIa3umZ42UQMvH0tl1qAliYPNYO6vTdcGMqnRrCPmsfzTI1w=="
      },
      "Microsoft.Extensions.Configuration.Abstractions": {
        "type": "Transitive",
        "resolved": "10.0.10",
        "contentHash": "5Vnd2I75DmZCVEjSynIdJ/0EGafgnLQwgR3t2C2/fkjx/nRG+cLwxLLdInoHeCEpkD5K4Ov/g9ZCRYrl4TRsaA==",
        "dependencies": {
          "Microsoft.Extensions.Primitives": "10.0.10"
        }
      },
      "Microsoft.Extensions.DependencyInjection": {
        "type": "Transitive",
        "resolved": "10.0.10",
        "contentHash": "ANyvsgkNBRvcJh2XLgn8veGmajf+8m0AbKK+HPWdRL1yraSNVVSmQhFntLtdz/C795jxqqup+k05cs/3jZQPOA==",
        "dependencies": {
          "Microsoft.Extensions.DependencyInjection.Abstractions": "10.0.10"
        }
      },
      "Microsoft.Extensions.DependencyInjection.Abstractions": {
        "type": "Transitive",
        "resolved": "10.0.10",
        "contentHash": "z/2xXlFw2aLGjHyEm6E0tQ+In6VfzQzTrtArbQ2c0TQE16ZbyDCMGPvaUT9I0s8rgy9sRWlU2P9waW37qV04qA=="
      },
      "Microsoft.Extensions.Diagnostics.Abstractions": {
        "type": "Transitive",
        "resolved": "10.0.10",
        "contentHash": "9uWiKpeOVac355STyChWR/pliFX/5CeLqChW9kKsaxyDH4EUTZxMkT4Jwp/J/peLm0GBFmSX5c0WCse3yCnq1Q==",
        "dependencies": {
          "Microsoft.Extensions.DependencyInjection.Abstractions": "10.0.10",
          "Microsoft.Extensions.Options": "10.0.10"
        }
      },
      "Microsoft.Extensions.FileProviders.Abstractions": {
        "type": "Transitive",
        "resolved": "10.0.10",
        "contentHash": "c5zqFCY9DiIpMovLd7/d/CTiEtrMOuQ639dhv3PABtKQIKNQikSHwQt8+N679uii9q+B55lgK28Uv64FOwEu8w==",
        "dependencies": {
          "Microsoft.Extensions.Primitives": "10.0.10"
        }
      },
      "Microsoft.Extensions.Hosting.Abstractions": {
        "type": "Transitive",
        "resolved": "10.0.10",
        "contentHash": "5LugpYGHk+mkn0a8IZgcyfBca8PCTAU9RQFoMrTdtOOidq88M2SI5f3px6ugnzgxC+eTkvYYJi8pzlUnG5xdAQ==",
        "dependencies": {
          "Microsoft.Extensions.Configuration.Abstractions": "10.0.10",
          "Microsoft.Extensions.DependencyInjection.Abstractions": "10.0.10",
          "Microsoft.Extensions.Diagnostics.Abstractions": "10.0.10",
          "Microsoft.Extensions.FileProviders.Abstractions": "10.0.10",
          "Microsoft.Extensions.Logging.Abstractions": "10.0.10"
        }
      },
      "Microsoft.Extensions.Logging.Abstractions": {
        "type": "Transitive",
        "resolved": "10.0.10",
        "contentHash": "zkFxGYUvdxAvIKTyXHrmW+Sux53D4SezD9dMyZ6hrwwzPQJNuwCRy1f5W7AvYTqacEGhWF2XderRQG1OvbV8og==",
        "dependencies": {
          "Microsoft.Extensions.DependencyInjection.Abstractions": "10.0.10"
        }
      },
      "Microsoft.Extensions.Options": {
        "type": "Transitive",
        "resolved": "10.0.10",
        "contentHash": "srnhnk7nE8krBiIXp71LvBmKBtraBONWSRzdjJgRv1Ko9Mp8IVNqv4vIS9hGeVteBig8aQkva9ZG+sC+o5sVcA==",
        "dependencies": {
          "Microsoft.Extensions.DependencyInjection.Abstractions": "10.0.10",
          "Microsoft.Extensions.Primitives": "10.0.10"
        }
      },
      "Microsoft.Extensions.Primitives": {
        "type": "Transitive",
        "resolved": "10.0.10",
        "contentHash": "5wu/GrYVd8mG2DVUw3vFJzF+O336TyTGg/Kmcgw9bfwYhCoFiV5lR5QeEmKecJyrW4W54nMfD3p3589E8a7czQ=="
      },
      "hpd-events": {
        "type": "Project",
        "dependencies": {
          "Microsoft.Extensions.DependencyInjection.Abstractions": "[10.0.9, )"
        }
      },
      "hpd.base": {
        "type": "Project",
        "dependencies": {
          "BouncyCastle.Cryptography": "[2.6.2, )",
          "HPD-Events": "[0.6.0, )",
          "Microsoft.Extensions.DependencyInjection": "[10.0.10, )",
          "Microsoft.Extensions.DependencyInjection.Abstractions": "[10.0.10, )",
          "Microsoft.Extensions.Hosting.Abstractions": "[10.0.10, )",
          "Microsoft.Extensions.Logging.Abstractions": "[10.0.10, )",
          "Microsoft.Extensions.Options": "[10.0.10, )"
        }
      },
      "hpd.payments.connectors.simulator": {
        "type": "Project",
        "dependencies": {
          "HPD.Payments.Contracts": "[0.1.0, )",
          "HPD.Payments.Primitives": "[0.1.0, )",
          "HPD.Payments.Runtime": "[0.1.0, )",
          "HPD.Payments.Supporting": "[0.1.0, )"
        }
      },
      "hpd.payments.contracts": {
        "type": "Project",
        "dependencies": {
          "HPD.Payments.Primitives": "[0.1.0, )"
        }
      },
      "hpd.payments.persistence": {
        "type": "Project",
        "dependencies": {
          "HPD.Payments.Contracts": "[0.1.0, )",
          "HPD.Payments.Primitives": "[0.1.0, )",
          "HPD.Payments.Supporting": "[0.1.0, )"
        }
      },
      "hpd.payments.primitives": {
        "type": "Project"
      },
      "hpd.payments.profiles.distributed": {
        "type": "Project",
        "dependencies": {
          "HPD.Payments.Connectors.Simulator": "[0.1.0, )",
          "HPD.Payments.Runtime": "[0.1.0, )",
          "HPD.Payments.Serialization": "[0.1.0, )"
        }
      },
      "hpd.payments.runtime": {
        "type": "Project",
        "dependencies": {
          "HPD.Base": "[0.6.0, )",
          "HPD.Payments.Contracts": "[0.1.0, )",
          "HPD.Payments.Persistence": "[0.1.0, )",
          "HPD.Payments.Primitives": "[0.1.0, )",
          "HPD.Payments.Supporting": "[0.1.0, )"
        }
      },
      "hpd.payments.serialization": {
        "type": "Project",
        "dependencies": {
          "HPD.Payments.Contracts": "[0.1.0, )",
          "HPD.Payments.Primitives": "[0.1.0, )",
          "HPD.Payments.Supporting": "[0.1.0, )"
        }
      },
      "hpd.payments.supporting": {
        "type": "Project",
        "dependencies": {
          "HPD.Payments.Contracts": "[0.1.0, )",
          "HPD.Payments.Primitives": "[0.1.0, )"
        }
      }
    },
    "net10.0/osx-arm64": {
      "Microsoft.DotNet.ILCompiler": {
        "type": "Direct",
        "requested": "[10.0.9, )",
        "resolved": "10.0.9",
        "contentHash": "4y+VsQOcs4EiTSINdCpCWi/aLRbIbGTxSezQXd8uGVhzbDRm1FNVTZDyCUQixE0+g9UFusvfxVcF68YYz7RzxA==",
        "dependencies": {
          "runtime.osx-arm64.Microsoft.DotNet.ILCompiler": "10.0.9"
        }
      },
      "runtime.osx-arm64.Microsoft.DotNet.ILCompiler": {
        "type": "Transitive",
        "resolved": "10.0.9",
        "contentHash": "iBYS9b/8OjTjD/5J9ljvme5AlWAY8+stxjdHXwwxD6ONMQezxqnqIJSl9+7z88PTBHzuyhtkIYPoXA/LzXX9oA=="
      }
    }
  }
}