{
  "version": 2,
  "dependencies": {
    "net10.0": {
      "Microsoft.DotNet.ILCompiler": {
        "type": "Direct",
        "requested": "[10.0.9, )",
        "resolved": "10.0.9",
        "contentHash": "4y+VsQOcs4EiTSINdCpCWi/aLRbIbGTxSezQXd8uGVhzbDRm1FNVTZDyCUQixE0+g9UFusvfxVcF68YYz7RzxA=="
      },
      "Microsoft.NET.ILLink.Tasks": {
        "type": "Direct",
        "requested": "[10.0.9, )",
        "resolved": "10.0.9",
        "contentHash": "4Iw41e2h7I4t70SJcX2GCmbyKJIlA273Cfm9RJMM050/3VBejGAG1KcthP5Z2L6SQcbfbf6BhNWO26+ZG+GzMg=="
      },
      "hpd.payments.adapters.inmemory": {
        "type": "Project",
        "dependencies": {
          "HPD.Payments.Contracts": "[0.1.0, )",
          "HPD.Payments.Persistence": "[0.1.0, )",
          "HPD.Payments.Primitives": "[0.1.0, )",
          "HPD.Payments.Supporting": "[0.1.0, )"
        }
      },
      "hpd.payments.adapters.sqlite": {
        "type": "Project",
        "dependencies": {
          "HPD.Payments.Contracts": "[0.1.0, )",
          "HPD.Payments.Persistence": "[0.1.0, )",
          "HPD.Payments.Primitives": "[0.1.0, )",
          "HPD.Payments.Supporting": "[0.1.0, )"
        }
      },
      "hpd.payments.connectors.simulator": {
        "type": "Project",
        "dependencies": {
          "HPD.Payments.Contracts": "[0.1.0, )",
          "HPD.Payments.Primitives": "[0.1.0, )",
          "HPD.Payments.Runtime": "[0.1.0, )",
          "HPD.Payments.Supporting": "[0.1.0, )"
        }
      },
      "hpd.payments.contracts": {
        "type": "Project",
        "dependencies": {
          "HPD.Payments.Primitives": "[0.1.0, )"
        }
      },
      "hpd.payments.host.api": {
        "type": "Project",
        "dependencies": {
          "HPD.Payments.Profiles.Embedded": "[0.1.0, )",
          "HPD.Payments.Serialization": "[0.1.0, )"
        }
      },
      "hpd.payments.persistence": {
        "type": "Project",
        "dependencies": {
          "HPD.Payments.Contracts": "[0.1.0, )",
          "HPD.Payments.Primitives": "[0.1.0, )",
          "HPD.Payments.Supporting": "[0.1.0, )"
        }
      },
      "hpd.payments.primitives": {
        "type": "Project"
      },
      "hpd.payments.profiles.embedded": {
        "type": "Project",
        "dependencies": {
          "HPD.Payments.Adapters.InMemory": "[0.1.0, )",
          "HPD.Payments.Adapters.Sqlite": "[0.1.0, )",
          "HPD.Payments.Connectors.Simulator": "[0.1.0, )",
          "HPD.Payments.Runtime": "[0.1.0, )",
          "HPD.Payments.Serialization": "[0.1.0, )"
        }
      },
      "hpd.payments.runtime": {
        "type": "Project",
        "dependencies": {
          "HPD.Payments.Contracts": "[0.1.0, )",
          "HPD.Payments.Persistence": "[0.1.0, )",
          "HPD.Payments.Primitives": "[0.1.0, )",
          "HPD.Payments.Supporting": "[0.1.0, )"
        }
      },
      "hpd.payments.serialization": {
        "type": "Project",
        "dependencies": {
          "HPD.Payments.Contracts": "[0.1.0, )",
          "HPD.Payments.Primitives": "[0.1.0, )",
          "HPD.Payments.Supporting": "[0.1.0, )"
        }
      },
      "hpd.payments.supporting": {
        "type": "Project",
        "dependencies": {
          "HPD.Payments.Contracts": "[0.1.0, )",
          "HPD.Payments.Primitives": "[0.1.0, )"
        }
      }
    },
    "net10.0/osx-arm64": {
      "Microsoft.DotNet.ILCompiler": {
        "type": "Direct",
        "requested": "[10.0.9, )",
        "resolved": "10.0.9",
        "contentHash": "4y+VsQOcs4EiTSINdCpCWi/aLRbIbGTxSezQXd8uGVhzbDRm1FNVTZDyCUQixE0+g9UFusvfxVcF68YYz7RzxA==",
        "dependencies": {
          "runtime.osx-arm64.Microsoft.DotNet.ILCompiler": "10.0.9"
        }
      },
      "runtime.osx-arm64.Microsoft.DotNet.ILCompiler": {
        "type": "Transitive",
        "resolved": "10.0.9",
        "contentHash": "iBYS9b/8OjTjD/5J9ljvme5AlWAY8+stxjdHXwwxD6ONMQezxqnqIJSl9+7z88PTBHzuyhtkIYPoXA/LzXX9oA=="
      }
    }
  }
}