<?xml version="1.0" encoding="utf-8"?>
<Solution>
  <Configurations>
    <Platform Name="Any CPU" />
    <Platform Name="x64" />
    <Platform Name="x86" />
  </Configurations>
  <Folder Name="/Core/">
    <Project Path="src/HPD.Base.Abstractions/HPD.Base.Abstractions.csproj" />
    <Project Path="src/HPD.Base.Runtime/HPD.Base.Runtime.csproj" />
    <Project Path="src/HPD.Base.InMemory/HPD.Base.InMemory.csproj" />
    <Project Path="src/HPD.Base.AspNetCore/HPD.Base.AspNetCore.csproj" />
    <Project Path="src/HPD.Base.Files.Abstractions/HPD.Base.Files.Abstractions.csproj" />
    <Project Path="src/HPD.Base.Files/HPD.Base.Files.csproj" />
    <Project Path="src/HPD.Base.Files.AspNetCore/HPD.Base.Files.AspNetCore.csproj" />
    <Project Path="src/HPD.Base.Files.InMemory/HPD.Base.Files.InMemory.csproj" />
    <Project Path="src/HPD.Base.Realtime.Abstractions/HPD.Base.Realtime.Abstractions.csproj" />
    <Project Path="src/HPD.Base.Realtime/HPD.Base.Realtime.csproj" />
    <Project Path="src/HPD.Base.Realtime.AspNetCore/HPD.Base.Realtime.AspNetCore.csproj" />
    <Project Path="src/HPD.Base.Studio/HPD.Base.Studio.csproj" />
  </Folder>
  <Folder Name="/Auth/">
    <Project Path="src/HPD.Base.Auth.HPDAuth/HPD.Base.Auth.HPDAuth.csproj" />
    <Project Path="src/HPD.Base.Auth.HPDAuth.AspNetCore/HPD.Base.Auth.HPDAuth.AspNetCore.csproj" />
  </Folder>
  <Folder Name="/Tests/">
    <Project Path="test/HPD.Base.Abstractions.Tests/HPD.Base.Abstractions.Tests.csproj" />
    <Project Path="test/HPD.Base.Abstractions.AotSmoke/HPD.Base.Abstractions.AotSmoke.csproj" />
    <Project Path="test/HPD.Base.Runtime.Tests/HPD.Base.Runtime.Tests.csproj" />
    <Project Path="test/HPD.Base.Runtime.AotSmoke/HPD.Base.Runtime.AotSmoke.csproj" />
    <Project Path="test/HPD.Base.StoreConformance/HPD.Base.StoreConformance.csproj" />
    <Project Path="test/HPD.Base.InMemory.Tests/HPD.Base.InMemory.Tests.csproj" />
    <Project Path="test/HPD.Base.InMemory.AotSmoke/HPD.Base.InMemory.AotSmoke.csproj" />
    <Project Path="test/HPD.Base.AspNetCore.Tests/HPD.Base.AspNetCore.Tests.csproj" />
    <Project Path="test/HPD.Base.AspNetCore.AotSmoke/HPD.Base.AspNetCore.AotSmoke.csproj" />
    <Project Path="test/HPD.Base.Files.Abstractions.Tests/HPD.Base.Files.Abstractions.Tests.csproj" />
    <Project Path="test/HPD.Base.Files.Tests/HPD.Base.Files.Tests.csproj" />
    <Project Path="test/HPD.Base.Files.AspNetCore.Tests/HPD.Base.Files.AspNetCore.Tests.csproj" />
    <Project Path="test/HPD.Base.Files.ProviderConformance/HPD.Base.Files.ProviderConformance.csproj" />
    <Project Path="test/HPD.Base.Files.InMemory.Tests/HPD.Base.Files.InMemory.Tests.csproj" />
    <Project Path="test/HPD.Base.Realtime.Tests/HPD.Base.Realtime.Tests.csproj" />
    <Project Path="test/HPD.Base.Realtime.AotSmoke/HPD.Base.Realtime.AotSmoke.csproj" />
    <Project Path="test/HPD.Base.Realtime.AspNetCore.Tests/HPD.Base.Realtime.AspNetCore.Tests.csproj" />
    <Project Path="test/HPD.Base.Auth.HPDAuth.Tests/HPD.Base.Auth.HPDAuth.Tests.csproj" />
    <Project Path="test/HPD.Base.Auth.HPDAuth.AotSmoke/HPD.Base.Auth.HPDAuth.AotSmoke.csproj" />
    <Project Path="test/HPD.Base.Auth.HPDAuth.AspNetCore.Tests/HPD.Base.Auth.HPDAuth.AspNetCore.Tests.csproj" />
    <Project Path="test/HPD.Base.Auth.HPDAuth.AspNetCore.AotSmoke/HPD.Base.Auth.HPDAuth.AspNetCore.AotSmoke.csproj" />
  </Folder>
</Solution>
