<?xml version="1.0" encoding="utf-8"?>
<Solution>
  <Configurations>
    <Platform Name="Any CPU" />
    <Platform Name="x64" />
    <Platform Name="x86" />
  </Configurations>
  <Folder Name="/Core/">
    <Project Path="src/HPD.Base.Abstractions/HPD.Base.Abstractions.csproj" />
  </Folder>
  <Folder Name="/Tests/">
    <Project Path="test/HPD.Base.Abstractions.Tests/HPD.Base.Abstractions.Tests.csproj" />
    <Project Path="test/HPD.Base.Abstractions.AotSmoke/HPD.Base.Abstractions.AotSmoke.csproj" />
  </Folder>
</Solution>
