<?xml version="1.0" encoding="utf-8"?>
<Solution>
  <Configurations>
    <Platform Name="Any CPU" />
    <Platform Name="x64" />
    <Platform Name="x86" />
  </Configurations>
  <Folder Name="/Core/">
    <Project Path="src/HPD.Base.Abstractions/HPD.Base.Abstractions.csproj" />
    <Project Path="src/HPD.Base.Runtime/HPD.Base.Runtime.csproj" />
    <Project Path="src/HPD.Base.InMemory/HPD.Base.InMemory.csproj" />
    <Project Path="src/HPD.Base.AspNetCore/HPD.Base.AspNetCore.csproj" />
  </Folder>
  <Folder Name="/Tests/">
    <Project Path="test/HPD.Base.Abstractions.Tests/HPD.Base.Abstractions.Tests.csproj" />
    <Project Path="test/HPD.Base.Abstractions.AotSmoke/HPD.Base.Abstractions.AotSmoke.csproj" />
    <Project Path="test/HPD.Base.Runtime.Tests/HPD.Base.Runtime.Tests.csproj" />
    <Project Path="test/HPD.Base.Runtime.AotSmoke/HPD.Base.Runtime.AotSmoke.csproj" />
    <Project Path="test/HPD.Base.StoreConformance/HPD.Base.StoreConformance.csproj" />
    <Project Path="test/HPD.Base.InMemory.Tests/HPD.Base.InMemory.Tests.csproj" />
    <Project Path="test/HPD.Base.InMemory.AotSmoke/HPD.Base.InMemory.AotSmoke.csproj" />
    <Project Path="test/HPD.Base.AspNetCore.Tests/HPD.Base.AspNetCore.Tests.csproj" />
    <Project Path="test/HPD.Base.AspNetCore.AotSmoke/HPD.Base.AspNetCore.AotSmoke.csproj" />
  </Folder>
</Solution>
