<?xml version="1.0" encoding="utf-8"?>
<Solution>
  <Configurations>
    <Platform Name="Any CPU" />
    <Platform Name="x64" />
    <Platform Name="x86" />
  </Configurations>
  <Folder Name="/Core/">
    <Project Path="src/HPD-Agent/HPD-Agent.csproj" />
    <Project Path="src/HPD-Agent.MultiAgent/HPD-Agent.MultiAgent.csproj" />
    <Project Path="src/HPD-Agent.SourceGenerator/HPD-Agent.SourceGenerator.csproj" />
  </Folder>
  <Folder Name="/AOT Smoke Tests/">
    <Project Path="test/HPD-Agent.Skills.AotSmoke/HPD-Agent.Skills.AotSmoke.csproj" />
  </Folder>
  <Folder Name="/Web/">
    <Project Path="src/HPD-Agent.AspNetCore/HPD-Agent.AspNetCore.csproj" />
    <Project Path="src/HPD-Agent.MultiAgent.AspNetCore/HPD-Agent.MultiAgent.AspNetCore.csproj" />
    <Project Path="src/HPD-Agent.Studio/HPD-Agent.Studio.csproj" />
    <Project Path="src/HPD-Agent.OpenApi/HPD-Agent.OpenApi.csproj" />
    <Project Path="src/HPD-Agent.Hosting/HPD-Agent.Hosting.csproj" />
  </Folder>
  <Folder Name="/Providers/">
    <Project Path="src/HPD-Agent.Providers/HPD-Agent.Providers.OpenAICompatible/HPD-Agent.Providers.OpenAICompatible.csproj" />
    <Project Path="src/HPD-Agent.Providers/HPD-Agent.Providers.OpenAI/HPD-Agent.Providers.OpenAI.csproj" />
    <Project Path="src/HPD-Agent.Providers/HPD-Agent.Providers.Anthropic/HPD-Agent.Providers.Anthropic.csproj" />
    <Project Path="src/HPD-Agent.Providers/HPD-Agent.Providers.Cohere/HPD-Agent.Providers.Cohere.csproj" />
    <Project Path="src/HPD-Agent.Providers/HPD-Agent.Providers.DashScope/HPD-Agent.Providers.DashScope.csproj" />
    <Project Path="src/HPD-Agent.Providers/HPD-Agent.Providers.Cerebras/HPD-Agent.Providers.Cerebras.csproj" />
    <Project Path="src/HPD-Agent.Providers/HPD-Agent.Providers.DeepSeek/HPD-Agent.Providers.DeepSeek.csproj" />
    <Project Path="src/HPD-Agent.Providers/HPD-Agent.Providers.DeepInfra/HPD-Agent.Providers.DeepInfra.csproj" />
    <Project Path="src/HPD-Agent.Providers/HPD-Agent.Providers.Fireworks/HPD-Agent.Providers.Fireworks.csproj" />
    <Project Path="src/HPD-Agent.Providers/HPD-Agent.Providers.SambaNova/HPD-Agent.Providers.SambaNova.csproj" />
    <Project Path="src/HPD-Agent.Providers/HPD-Agent.Providers.Hyperbolic/HPD-Agent.Providers.Hyperbolic.csproj" />
    <Project Path="src/HPD-Agent.Providers/HPD-Agent.Providers.OVHcloud/HPD-Agent.Providers.OVHcloud.csproj" />
    <Project Path="src/HPD-Agent.Providers/HPD-Agent.Providers.Nscale/HPD-Agent.Providers.Nscale.csproj" />
    <Project Path="src/HPD-Agent.Providers/HPD-Agent.Providers.Venice/HPD-Agent.Providers.Venice.csproj" />
    <Project Path="src/HPD-Agent.Providers/HPD-Agent.Providers.Perplexity/HPD-Agent.Providers.Perplexity.csproj" />
    <Project Path="src/HPD-Agent.Providers/HPD-Agent.Providers.LMStudio/HPD-Agent.Providers.LMStudio.csproj" />
    <Project Path="src/HPD-Agent.Providers/HPD-Agent.Providers.Nebius/HPD-Agent.Providers.Nebius.csproj" />
    <Project Path="src/HPD-Agent.Providers/HPD-Agent.Providers.NvidiaNim/HPD-Agent.Providers.NvidiaNim.csproj" />
    <Project Path="src/HPD-Agent.Providers/HPD-Agent.Providers.SiliconFlow/HPD-Agent.Providers.SiliconFlow.csproj" />
    <Project Path="src/HPD-Agent.Providers/HPD-Agent.Providers.Scaleway/HPD-Agent.Providers.Scaleway.csproj" />
    <Project Path="src/HPD-Agent.Providers/HPD-Agent.Providers.Zai/HPD-Agent.Providers.Zai.csproj" />
    <Project Path="src/HPD-Agent.Providers/HPD-Agent.Providers.MiniMax/HPD-Agent.Providers.MiniMax.csproj" />
    <Project Path="src/HPD-Agent.Providers/HPD-Agent.Providers.Together/HPD-Agent.Providers.Together.csproj" />
    <Project Path="src/HPD-Agent.Providers/HPD-Agent.Providers.Xai/HPD-Agent.Providers.Xai.csproj" />
    <Project Path="src/HPD-Agent.Providers/HPD-Agent.Providers.Groq/HPD-Agent.Providers.Groq.csproj" />
    <Project Path="src/HPD-Agent.Providers/HPD-Agent.Providers.Moonshot/HPD-Agent.Providers.Moonshot.csproj" />
    <Project Path="src/HPD-Agent.Providers/HPD-Agent.Providers.Replicate/HPD-Agent.Providers.Replicate.csproj" />
    <Project Path="src/HPD-Agent.Providers/HPD-Agent.Providers.AzureAI/HPD-Agent.Providers.AzureAI.csproj" />
    <Project Path="src/HPD-Agent.Providers/HPD-Agent.Providers.GoogleAI/HPD-Agent.Providers.GoogleAI.csproj" />
    <Project Path="src/HPD-Agent.Providers/HPD-Agent.Providers.HuggingFace/HPD-Agent.Providers.HuggingFace.csproj" />
    <Project Path="src/HPD-Agent.Providers/HPD-Agent.Providers.Mistral/HPD-Agent.Providers.Mistral.csproj" />
    <Project Path="src/HPD-Agent.Providers/HPD-Agent.Providers.Ollama/HPD-Agent.Providers.Ollama.csproj" />
    <Project Path="src/HPD-Agent.Providers/HPD-Agent.Providers.OpenRouter/HPD-Agent.Providers.OpenRouter.csproj" />
    <Project Path="src/HPD-Agent.Providers/HPD-Agent.Providers.Bedrock/HPD-Agent.Providers.Bedrock.csproj" />
    <Project Path="src/HPD-Agent.Providers/HPD-Agent.Providers.OnnxRuntime/HPD-Agent.Providers.OnnxRuntime.csproj" />
  </Folder>
  <Folder Name="/Bots/">
    <Project Path="src/HPD-Agent.Bots/HPD-Agent.Bots.Abstractions/HPD-Agent.Bots.Abstractions.csproj" />
    <Project Path="src/HPD-Agent.Bots/HPD-Agent.Bots.Slack/HPD-Agent.Bots.Slack.csproj" />
    <Project Path="src/HPD-Agent.Bots/HPD-Agent.Bots.Discord/HPD-Agent.Bots.Discord.csproj" />
    <Project Path="src/HPD-Agent.Bots/HPD-Agent.Bots.Teams/HPD-Agent.Bots.Teams.csproj" />
    <Project Path="src/HPD-Agent.Bots/HPD-Agent.Bots.Telegram/HPD-Agent.Bots.Telegram.csproj" />
    <Project Path="src/HPD-Agent.Bots/HPD-Agent.Bots.WhatsApp/HPD-Agent.Bots.WhatsApp.csproj" />
    <Project Path="src/HPD-Agent.Bots/HPD-Agent.Bots.AspNetCore/HPD-Agent.Bots.AspNetCore.csproj" />
    <Project Path="src/HPD-Agent.Bots/HPD-Agent.Bots.SourceGenerator/HPD-Agent.Bots.SourceGenerator.csproj" />
  </Folder>
  <Folder Name="/Audio/">
    <Project Path="src/HPD-Agent.Audio/HPD-Agent.Audio.csproj" />
    <Project Path="src/HPD-Agent.Providers.Audio/HPD-Agent.Providers.Audio.OpenAI/HPD-Agent.Providers.Audio.OpenAI.csproj" />
    <Project Path="src/HPD-Agent.Providers.Audio/HPD-Agent.Providers.Audio.ElevenLabs/HPD-Agent.Providers.Audio.ElevenLabs.csproj" />
    <Project Path="src/HPD-Agent.Providers.Audio/HPD-Agent.Providers.Audio.Silero/HPD-Agent.Providers.Audio.Silero.csproj" />
    <Project Path="src/HPD-Agent.Providers.Audio/HPD-Agent.Providers.Audio.Meai/HPD-Agent.Providers.Audio.Meai.csproj" />
  </Folder>
  <Folder Name="/ToolHarnesses/">
    <Project Path="src/HPD-Agent.Harness/HPD-Agent.Harness.FileSystem/HPD-Agent.Harness.FileSystem.csproj" />
    <Project Path="src/HPD-Agent.Harness/HPD-Agent.Harness.WebSearch/HPD-Agent.Harness.WebSearch.csproj" />
    <Project Path="src/HPD-Agent.Harness/HPD-Agent.Harness.Coding/HPD-Agent.Harness.Coding.csproj" />
    <Project Path="src/HPD-Agent.Harness/HPD-Agent.Harness.Coding.TUI/HPD-Agent.Harness.Coding.TUI.csproj" />
    <Project Path="src/HPD-Agent.Harness/HPD-Agent.Harness.Coding.SourceGenerator/HPD-Agent.Harness.Coding.SourceGenerator.csproj" />
  </Folder>
  <Folder Name="/Specialized/">
    <Project Path="src/HPD-Agent.TextExtraction/HPD-Agent.TextExtraction.csproj" />
    <Project Path="src/HPD-Agent.FFI/HPD-Agent.FFI.csproj" />
    <Project Path="src/HPD-Agent.MCP/HPD-Agent.MCP.csproj" />
    <Project Path="src/HPD-Agent.Sandbox/HPD-Agent.Sandbox.Core/HPD-Agent.Sandbox.Core.csproj" />
    <Project Path="src/HPD-Agent.Sandbox/HPD-Agent.Sandbox.Local/HPD-Agent.Sandbox.Local.csproj" />
    <Project Path="src/HPD-Agent.Sandbox/HPD-Agent.Sandbox.AppleVirtualization/HPD-Agent.Sandbox.AppleVirtualization.csproj" />
    <Project Path="src/HPD-Agent.Evaluations/HPD-Agent.Evaluations.csproj" />
  </Folder>
  <Folder Name="/TUI/">
    <Project Path="src/HPD-Agent.TUI/HPD-Agent.TUI.csproj" />
    <Project Path="src/HPD-Agent.ModelsDev/HPD-Agent.ModelsDev.csproj" />
  </Folder>
  <Folder Name="/Shared/">
    <Project Path="../HPD-Environment.Framework/src/HPD-Environment.Abstractions/HPD-Environment.Abstractions.csproj" />
    <Project Path="../HPD-Environment.Framework/src/HPD-Environment.Runtime/HPD-Environment.Runtime.csproj" />
    <Project Path="../HPD-Environment.Framework/src/HPD-Environment.AppleVirtualization/HPD-Environment.AppleVirtualization.csproj" />
    <Project Path="../shared/src/HPD-Events/HPD-Events.csproj" />
    <Project Path="../HPD-Graph.Framework/src/HPD-Graph.Core/HPD-Graph.Core.csproj" />
    <Project Path="../HPD-Extract.Framework/src/HPD-Extract.Abstractions/HPD-Extract.Abstractions.csproj" />
    <Project Path="../HPD-Extract.Framework/src/HPD-Extract.Pdf/HPD-Extract.Pdf.csproj" />
    <Project Path="../HPD-Extract.Framework/src/HPD-Extract.Web/HPD-Extract.Web.csproj" />
    <Project Path="../HPD-Extract.Framework/src/HPD-Extract.Office/HPD-Extract.Office.csproj" />
    <Project Path="../HPD-Extract.Framework/src/HPD-Extract.Images/HPD-Extract.Images.csproj" />
    <Project Path="../HPD-Extract.Framework/src/HPD-Extract/HPD-Extract.csproj" />
    <Project Path="../shared/src/HPD-OpenApi.Core/HPD-OpenApi.Core.csproj" />
  </Folder>
  <Folder Name="/Tests/">
    <Project Path="test/HPD-Agent.Tests/HPD-Agent.Tests.csproj" />
    <Project Path="../HPD-Extract.Framework/test/HPD-Extract.Tests/HPD-Extract.Tests.csproj" />
    <Project Path="../HPD-Extract.Framework/test/HPD-Extract.Pdf.Tests/HPD-Extract.Pdf.Tests.csproj" />
    <Project Path="test/HPD-Agent.MultiAgent.Tests/HPD-Agent.MultiAgent.Tests.csproj" />
    <Project Path="test/HPD-Agent.MultiAgent.AspNetCore.Tests/HPD-Agent.MultiAgent.AspNetCore.Tests.csproj" />
    <Project Path="test/HPD-Agent.OpenApi.Tests/HPD-Agent.OpenApi.Tests.csproj" />
    <Project Path="test/HPD-Agent.AspNetCore.Tests/HPD-Agent.AspNetCore.Tests.csproj" />
    <Project Path="test/HPD-Agent.Evaluations.Tests/HPD-Agent.Evaluations.Tests.csproj" />
    <Project Path="test/HPD-Agent.Providers.Tests/HPD-Agent.Providers.Tests.csproj" />
    <Project Path="test/HPD-Agent.Hosting.Tests/HPD-Agent.Hosting.Tests.csproj" />
    <Project Path="test/HPD-Agent.Bots.Tests/HPD-Agent.Bots.Tests.csproj" />
    <Project Path="test/HPD.Agent.Audio.V2.Tests/HPD.Agent.Audio.V2.Tests.csproj" />
    <Project Path="../HPD-Environment.Framework/test/HPD-Environment.Tests/HPD-Environment.Tests.csproj" />
    <Project Path="../HPD-Environment.Framework/test/HPD-Environment.AppleVirtualization.Tests/HPD-Environment.AppleVirtualization.Tests.csproj" />
    <Project Path="test/HPD-Agent.Sandbox.Core.Tests/HPD-Agent.Sandbox.Core.Tests.csproj" />
    <Project Path="test/HPD-Agent.Sandbox.Local.Tests/HPD-Agent.Sandbox.Local.Tests.csproj" />
    <Project Path="test/HPD-Agent.Sandbox.AppleVirtualization.Tests/HPD-Agent.Sandbox.AppleVirtualization.Tests.csproj" />
    <Project Path="test/HPD-Agent.Harness.Coding.Tests/HPD-Agent.Harness.Coding.Tests.csproj" />
    <Project Path="test/HPD-Agent.Harness.Coding.TUI.Tests/HPD-Agent.Harness.Coding.TUI.Tests.csproj" />
    <Project Path="test/HPD-Agent.TUI.Tests/HPD-Agent.TUI.Tests.csproj" />
    <Project Path="test/HPD-Agent.ModelsDev.Tests/HPD-Agent.ModelsDev.Tests.csproj" />
    <Project Path="test/HPD-Agent.DevApp/HPD-Agent.DevApp.csproj" />
    <Project Path="test/HPD-Agent.CodingCli/HPD-Agent.CodingCli.csproj" />
    <Project Path="test/HPD-Agent.AudioCli/HPD-Agent.AudioCli.csproj" />
    <Project Path="test/HPD-Agent.TUI.Console/HPD-Agent.TUI.Console.csproj" />
  </Folder>
</Solution>
