<Solution>
  <Folder Name="/src/">
    <Project Path="src/HPD.Gateway/HPD.Gateway.csproj" />
    <Project Path="src/HPD.Gateway.Abstractions/HPD.Gateway.Abstractions.csproj" />
    <Project Path="src/HPD.Gateway.Core/HPD.Gateway.Core.csproj" />
    <Project Path="src/HPD.Gateway.Effective/HPD.Gateway.Effective.csproj" />
    <Project Path="src/HPD.Gateway.Inspection/HPD.Gateway.Inspection.csproj" />
    <Project Path="src/HPD.Gateway.Hosting/HPD.Gateway.Hosting.csproj" />
    <Project Path="src/HPD.Gateway.OutputCaching/HPD.Gateway.OutputCaching.csproj" />
    <Project Path="src/HPD.Gateway.Resilience/HPD.Gateway.Resilience.csproj" />
    <Project Path="src/HPD.Gateway.Status/HPD.Gateway.Status.csproj" />
    <Project Path="src/HPD.Gateway.Yarp/HPD.Gateway.Yarp.csproj" />
  </Folder>
  <Folder Name="/test/">
    <Project Path="test/HPD.Gateway.Tests/HPD.Gateway.Tests.csproj" />
    <Project Path="test/HPD.Gateway.AotSmoke/HPD.Gateway.AotSmoke.csproj" />
  </Folder>
</Solution>
