<?xml version="1.0" encoding="utf-8"?>
<Solution>
  <Configurations>
    <Platform Name="Any CPU" />
    <Platform Name="x64" />
    <Platform Name="x86" />
  </Configurations>
  <Folder Name="/Core/">
    <Project Path="src/HPD.TUI/HPD.TUI.csproj" />
  </Folder>
  <Folder Name="/Tests/">
    <Project Path="test/HPD.TUI.Tests/HPD.TUI.Tests.csproj" />
  </Folder>
  <Folder Name="/Examples/">
    <Project Path="examples/SimpleApp/SimpleApp.csproj" />
    <Project Path="examples/InteractiveInput/InteractiveInput.csproj" />
    <Project Path="examples/ToolRendering/ToolRendering.csproj" />
  </Folder>
</Solution>
