<Solution>
  <Project Path="src/HPD.Payments.Primitives/HPD.Payments.Primitives.csproj" />
  <Project Path="src/HPD.Payments.Contracts/HPD.Payments.Contracts.csproj" />
  <Project Path="src/HPD.Payments.Supporting/HPD.Payments.Supporting.csproj" />
  <Project Path="src/HPD.Payments.Serialization/HPD.Payments.Serialization.csproj" />
  <Project Path="src/HPD.Payments.Persistence/HPD.Payments.Persistence.csproj" />
  <Project Path="src/HPD.Payments.Runtime/HPD.Payments.Runtime.csproj" />
  <Project Path="src/HPD.Payments.Generators/HPD.Payments.Generators.csproj" />
  <Project Path="src/HPD.Payments.Analyzers/HPD.Payments.Analyzers.csproj" />
  <Project Path="src/HPD.Payments.Adapters.InMemory/HPD.Payments.Adapters.InMemory.csproj" />
  <Project Path="src/HPD.Payments.Adapters.Sqlite/HPD.Payments.Adapters.Sqlite.csproj" />
  <Project Path="src/HPD.Payments.Adapters.Postgres/HPD.Payments.Adapters.Postgres.csproj" />
  <Project Path="src/HPD.Payments.Connectors.Simulator/HPD.Payments.Connectors.Simulator.csproj" />
  <Project Path="src/HPD.Payments.Connectors.Stripe/HPD.Payments.Connectors.Stripe.csproj" />
  <Project Path="src/HPD.Payments.Extensions.Dynamic/HPD.Payments.Extensions.Dynamic.csproj" />
  <Project Path="src/HPD.Payments.Extensions.OutOfProcess/HPD.Payments.Extensions.OutOfProcess.csproj" />
  <Project Path="src/HPD.Payments.Profiles.Embedded/HPD.Payments.Profiles.Embedded.csproj" />
  <Project Path="src/HPD.Payments.Profiles.Distributed/HPD.Payments.Profiles.Distributed.csproj" />
  <Project Path="src/HPD.Payments.Tools.Conformance/HPD.Payments.Tools.Conformance.csproj" />
  <Project Path="src/HPD.Payments.Host.Api/HPD.Payments.Host.Api.csproj" />
  <Project Path="src/HPD.Payments.Worker/HPD.Payments.Worker.csproj" />
  <Project Path="src/HPD.Payments.Extensions.OutOfProcess.Host/HPD.Payments.Extensions.OutOfProcess.Host.csproj" />
  <Project Path="test/HPD.Payments.Architecture.Tests/HPD.Payments.Architecture.Tests.csproj" />
  <Project Path="test/HPD.Payments.BrowserApiComposition.Tests/HPD.Payments.BrowserApiComposition.Tests.csproj" />
  <Project Path="test/HPD.Payments.Primitives.Tests/HPD.Payments.Primitives.Tests.csproj" />
  <Project Path="test/HPD.Payments.Contracts.Tests/HPD.Payments.Contracts.Tests.csproj" />
  <Project Path="test/HPD.Payments.Supporting.Tests/HPD.Payments.Supporting.Tests.csproj" />
  <Project Path="test/HPD.Payments.Serialization.Tests/HPD.Payments.Serialization.Tests.csproj" />
  <Project Path="test/HPD.Payments.Persistence.Tests/HPD.Payments.Persistence.Tests.csproj" />
  <Project Path="test/HPD.Payments.Runtime.Tests/HPD.Payments.Runtime.Tests.csproj" />
  <Project Path="test/HPD.Payments.Runtime.Persistence.Tests/HPD.Payments.Runtime.Persistence.Tests.csproj" />
  <Project Path="test/HPD.Payments.BaseIntegration.Tests/HPD.Payments.BaseIntegration.Tests.csproj" />
  <Project Path="test/HPD.Payments.Generators.Tests/HPD.Payments.Generators.Tests.csproj" />
  <Project Path="test/HPD.Payments.Analyzers.Tests/HPD.Payments.Analyzers.Tests.csproj" />
  <Project Path="test/HPD.Payments.Adapters.InMemory.Tests/HPD.Payments.Adapters.InMemory.Tests.csproj" />
  <Project Path="test/HPD.Payments.AdapterCertification.Tests/HPD.Payments.AdapterCertification.Tests.csproj" />
  <Project Path="test/HPD.Payments.AdapterCertification.Tests/Sqlite/HPD.Payments.AdapterCertification.Sqlite.Tests.csproj" />
  <Project Path="test/HPD.Payments.Adapters.Sqlite.Tests/HPD.Payments.Adapters.Sqlite.Tests.csproj" />
  <Project Path="test/HPD.Payments.Adapters.Postgres.Tests/HPD.Payments.Adapters.Postgres.Tests.csproj" />
  <Project Path="test/HPD.Payments.Connectors.Simulator.Tests/HPD.Payments.Connectors.Simulator.Tests.csproj" />
  <Project Path="test/HPD.Payments.Connectors.Stripe.Tests/HPD.Payments.Connectors.Stripe.Tests.csproj" />
  <Project Path="test/HPD.Payments.Extensions.Dynamic.Tests/HPD.Payments.Extensions.Dynamic.Tests.csproj" />
  <Project Path="test/HPD.Payments.Extensions.OutOfProcess.Tests/HPD.Payments.Extensions.OutOfProcess.Tests.csproj" />
  <Project Path="test/HPD.Payments.Profiles.Embedded.Tests/HPD.Payments.Profiles.Embedded.Tests.csproj" />
  <Project Path="test/HPD.Payments.Profiles.Distributed.Tests/HPD.Payments.Profiles.Distributed.Tests.csproj" />
  <Project Path="test/HPD.Payments.Tools.Conformance.Tests/HPD.Payments.Tools.Conformance.Tests.csproj" />
  <Project Path="test/HPD.Payments.Host.Api.Tests/HPD.Payments.Host.Api.Tests.csproj" />
  <Project Path="test/HPD.Payments.Worker.Tests/HPD.Payments.Worker.Tests.csproj" />
  <Project Path="test/HPD.Payments.Extensions.OutOfProcess.Host.Tests/HPD.Payments.Extensions.OutOfProcess.Host.Tests.csproj" />
  <Project Path="test/HPD.Payments.StaticLane.AotSmoke/HPD.Payments.StaticLane.AotSmoke.csproj" />
  <Project Path="test/HPD.Payments.Serialization.AotSmoke/HPD.Payments.Serialization.AotSmoke.csproj" />
  <Project Path="test/HPD.Payments.OutOfProcess.Client.AotSmoke/HPD.Payments.OutOfProcess.Client.AotSmoke.csproj" />
  <Project Path="test/HPD.Payments.Host.Api.AotSmoke/HPD.Payments.Host.Api.AotSmoke.csproj" />
  <Project Path="test/HPD.Payments.Worker.AotSmoke/HPD.Payments.Worker.AotSmoke.csproj" />
  <Project Path="test/HPD.Payments.CardLifecycle.AotSmoke/HPD.Payments.CardLifecycle.AotSmoke.csproj" />
  <Project Path="test/HPD.Payments.QuotaWallet.AotSmoke/HPD.Payments.QuotaWallet.AotSmoke.csproj" />
  <Project Path="test/HPD.Payments.EntitlementRestriction.AotSmoke/HPD.Payments.EntitlementRestriction.AotSmoke.csproj" />
  <Project Path="test/HPD.Payments.WorkRepair.AotSmoke/HPD.Payments.WorkRepair.AotSmoke.csproj" />
  <Project Path="test/HPD.Payments.SettlementAccounting.AotSmoke/HPD.Payments.SettlementAccounting.AotSmoke.csproj" />
  <Project Path="perf/HPD.Payments.StaticLane.Performance/HPD.Payments.StaticLane.Performance.csproj" />
  <Project Path="perf/HPD.Payments.Conformance.Performance/HPD.Payments.Conformance.Performance.csproj" />
  <Project Path="perf/HPD.Payments.Extensions.Dynamic.Performance/HPD.Payments.Extensions.Dynamic.Performance.csproj" />
</Solution>
